// !$*UTF8*$!
{
	archiveVersion = 1;
	classes = {
	};
	objectVersion = 46;
	objects = {

/* Begin PBXFileReference section */
		BF030B6F1FC35E43001BBB03 /* Sprites.cpp */ = {isa = PBXFileReference; lastKnownFileType = sourcecode.cpp.cpp; name = Sprites.cpp; path = Source/Sprites.cpp; sourceTree = "<group>"; };
		BF030B701FC35E6E001BBB03 /* Sprites.h */ = {isa = PBXFileReference; lastKnownFileType = sourcecode.c.h; name = Sprites.h; path = Source/Sprites.h; sourceTree = "<group>"; };
		BF030B711FC35EAB001BBB03 /* Kernel.h */ = {isa = PBXFileReference; lastKnownFileType = sourcecode.c.h; name = Kernel.h; path = Source/Kernel.h; sourceTree = "<group>"; };
		BF030B721FC36DA5001BBB03 /* SpriteCharAtlas.inc */ = {isa = PBXFileReference; lastKnownFileType = sourcecode.pascal; name = SpriteCharAtlas.inc; path = Source/SpriteCharAtlas.inc; sourceTree = "<group>"; };
		BF7026D41FBDE7D600354F35 /* periph.c */ = {isa = PBXFileReference; fileEncoding = 4; lastKnownFileType = sourcecode.c.c; name = periph.c; path = Source/periph.c; sourceTree = "<group>"; };
		BF7026D51FBDE7D600354F35 /* vectors.s */ = {isa = PBXFileReference; fileEncoding = 4; lastKnownFileType = sourcecode.asm; name = vectors.s; path = Source/vectors.s; sourceTree = "<group>"; };
		BF7026D61FBDE7D600354F35 /* video01.cpp */ = {isa = PBXFileReference; fileEncoding = 4; lastKnownFileType = sourcecode.cpp.cpp; name = video01.cpp; path = Source/video01.cpp; sourceTree = "<group>"; };
		BF7026D71FBDE7DE00354F35 /* makefile */ = {isa = PBXFileReference; lastKnownFileType = sourcecode.make; name = makefile; path = Source/makefile; sourceTree = "<group>"; };
		BF7026DB1FBDEAC600354F35 /* HackDriver */ = {isa = PBXFileReference; lastKnownFileType = folder; name = HackDriver; path = Source/HackDriver; sourceTree = "<group>"; };
		BF7026DC1FBDEC0C00354F35 /* loader */ = {isa = PBXFileReference; lastKnownFileType = text; name = loader; path = Source/loader; sourceTree = "<group>"; };
		BF7026DD1FC1016400354F35 /* kernel.asm */ = {isa = PBXFileReference; lastKnownFileType = sourcecode.asm.asm; name = kernel.asm; path = asm/kernel.asm; sourceTree = "<group>"; };
		BF7026DE1FC101E900354F35 /* CONTROL_LIST.INC */ = {isa = PBXFileReference; lastKnownFileType = sourcecode.pascal; name = CONTROL_LIST.INC; path = asm/LIB/CONTROL_LIST.INC; sourceTree = "<group>"; };
		BF7026DF1FC101E900354F35 /* FASMARM.INC */ = {isa = PBXFileReference; lastKnownFileType = sourcecode.pascal; name = FASMARM.INC; path = asm/LIB/FASMARM.INC; sourceTree = "<group>"; };
		BF7026E01FC101E900354F35 /* R_PI.INC */ = {isa = PBXFileReference; lastKnownFileType = sourcecode.pascal; name = R_PI.INC; path = asm/LIB/R_PI.INC; sourceTree = "<group>"; };
		BF7026E11FC101E900354F35 /* R_PI2.INC */ = {isa = PBXFileReference; lastKnownFileType = sourcecode.pascal; name = R_PI2.INC; path = asm/LIB/R_PI2.INC; sourceTree = "<group>"; };
		BF7026E21FC101E900354F35 /* V3D.INC */ = {isa = PBXFileReference; lastKnownFileType = sourcecode.pascal; name = V3D.INC; path = asm/LIB/V3D.INC; sourceTree = "<group>"; };
/* End PBXFileReference section */

/* Begin PBXGroup section */
		BF7026D81FBDE7E000354F35 /* Source */ = {
			isa = PBXGroup;
			children = (
				BF7026DC1FBDEC0C00354F35 /* loader */,
				BF7026D41FBDE7D600354F35 /* periph.c */,
				BF7026D51FBDE7D600354F35 /* vectors.s */,
				BF7026D61FBDE7D600354F35 /* video01.cpp */,
				BF7026D71FBDE7DE00354F35 /* makefile */,
				BF030B701FC35E6E001BBB03 /* Sprites.h */,
				BF030B721FC36DA5001BBB03 /* SpriteCharAtlas.inc */,
				BF030B711FC35EAB001BBB03 /* Kernel.h */,
				BF030B6F1FC35E43001BBB03 /* Sprites.cpp */,
			);
			name = Source;
			sourceTree = "<group>";
		};
		BFD306331FBDE78700F650B6 = {
			isa = PBXGroup;
			children = (
				BF7026DD1FC1016400354F35 /* kernel.asm */,
				BF7026DE1FC101E900354F35 /* CONTROL_LIST.INC */,
				BF7026DF1FC101E900354F35 /* FASMARM.INC */,
				BF7026E01FC101E900354F35 /* R_PI.INC */,
				BF7026E11FC101E900354F35 /* R_PI2.INC */,
				BF7026E21FC101E900354F35 /* V3D.INC */,
				BF7026DB1FBDEAC600354F35 /* HackDriver */,
				BF7026D81FBDE7E000354F35 /* Source */,
			);
			sourceTree = "<group>";
		};
/* End PBXGroup section */

/* Begin PBXLegacyTarget section */
		BFD306381FBDE78700F650B6 /* PopPi */ = {
			isa = PBXLegacyTarget;
			buildArgumentsString = "$(ACTION) rebuildandupload";
			buildConfigurationList = BFD3063B1FBDE78700F650B6 /* Build configuration list for PBXLegacyTarget "PopPi" */;
			buildPhases = (
			);
			buildToolPath = make;
			buildWorkingDirectory = /Volumes/Code/PopPi/Source;
			dependencies = (
			);
			name = PopPi;
			passBuildSettingsInEnvironment = 0;
			productName = PopPi;
		};
/* End PBXLegacyTarget section */

/* Begin PBXProject section */
		BFD306341FBDE78700F650B6 /* Project object */ = {
			isa = PBXProject;
			attributes = {
				LastUpgradeCheck = 0830;
				ORGANIZATIONNAME = NewChromantics;
				TargetAttributes = {
					BFD306381FBDE78700F650B6 = {
						CreatedOnToolsVersion = 8.3.3;
						ProvisioningStyle = Automatic;
					};
				};
			};
			buildConfigurationList = BFD306371FBDE78700F650B6 /* Build configuration list for PBXProject "PopPi" */;
			compatibilityVersion = "Xcode 3.2";
			developmentRegion = English;
			hasScannedForEncodings = 0;
			knownRegions = (
				en,
			);
			mainGroup = BFD306331FBDE78700F650B6;
			projectDirPath = "";
			projectRoot = "";
			targets = (
				BFD306381FBDE78700F650B6 /* PopPi */,
			);
		};
/* End PBXProject section */

/* Begin XCBuildConfiguration section */
		BFD306391FBDE78700F650B6 /* Debug */ = {
			isa = XCBuildConfiguration;
			buildSettings = {
				ALWAYS_SEARCH_USER_PATHS = NO;
				CLANG_ANALYZER_NONNULL = YES;
				CLANG_ANALYZER_NUMBER_OBJECT_CONVERSION = YES_AGGRESSIVE;
				CLANG_CXX_LANGUAGE_STANDARD = "gnu++0x";
				CLANG_CXX_LIBRARY = "libc++";
				CLANG_ENABLE_MODULES = YES;
				CLANG_ENABLE_OBJC_ARC = YES;
				CLANG_WARN_BOOL_CONVERSION = YES;
				CLANG_WARN_CONSTANT_CONVERSION = YES;
				CLANG_WARN_DIRECT_OBJC_ISA_USAGE = YES_ERROR;
				CLANG_WARN_DOCUMENTATION_COMMENTS = YES;
				CLANG_WARN_EMPTY_BODY = YES;
				CLANG_WARN_ENUM_CONVERSION = YES;
				CLANG_WARN_INFINITE_RECURSION = YES;
				CLANG_WARN_INT_CONVERSION = YES;
				CLANG_WARN_OBJC_ROOT_CLASS = YES_ERROR;
				CLANG_WARN_SUSPICIOUS_MOVE = YES;
				CLANG_WARN_UNREACHABLE_CODE = YES;
				CLANG_WARN__DUPLICATE_METHOD_MATCH = YES;
				COPY_PHASE_STRIP = NO;
				DEBUG_INFORMATION_FORMAT = dwarf;
				ENABLE_STRICT_OBJC_MSGSEND = YES;
				ENABLE_TESTABILITY = YES;
				GCC_C_LANGUAGE_STANDARD = gnu99;
				GCC_DYNAMIC_NO_PIC = NO;
				GCC_NO_COMMON_BLOCKS = YES;
				GCC_OPTIMIZATION_LEVEL = 0;
				GCC_PREPROCESSOR_DEFINITIONS = (
					"DEBUG=1",
					"$(inherited)",
				);
				GCC_WARN_64_TO_32_BIT_CONVERSION = YES;
				GCC_WARN_ABOUT_RETURN_TYPE = YES_ERROR;
				GCC_WARN_UNDECLARED_SELECTOR = YES;
				GCC_WARN_UNINITIALIZED_AUTOS = YES_AGGRESSIVE;
				GCC_WARN_UNUSED_FUNCTION = YES;
				GCC_WARN_UNUSED_VARIABLE = YES;
				MTL_ENABLE_DEBUG_INFO = YES;
				ONLY_ACTIVE_ARCH = YES;
			};
			name = Debug;
		};
		BFD3063A1FBDE78700F650B6 /* Release */ = {
			isa = XCBuildConfiguration;
			buildSettings = {
				ALWAYS_SEARCH_USER_PATHS = NO;
				CLANG_ANALYZER_NONNULL = YES;
				CLANG_ANALYZER_NUMBER_OBJECT_CONVERSION = YES_AGGRESSIVE;
				CLANG_CXX_LANGUAGE_STANDARD = "gnu++0x";
				CLANG_CXX_LIBRARY = "libc++";
				CLANG_ENABLE_MODULES = YES;
				CLANG_ENABLE_OBJC_ARC = YES;
				CLANG_WARN_BOOL_CONVERSION = YES;
				CLANG_WARN_CONSTANT_CONVERSION = YES;
				CLANG_WARN_DIRECT_OBJC_ISA_USAGE = YES_ERROR;
				CLANG_WARN_DOCUMENTATION_COMMENTS = YES;
				CLANG_WARN_EMPTY_BODY = YES;
				CLANG_WARN_ENUM_CONVERSION = YES;
				CLANG_WARN_INFINITE_RECURSION = YES;
				CLANG_WARN_INT_CONVERSION = YES;
				CLANG_WARN_OBJC_ROOT_CLASS = YES_ERROR;
				CLANG_WARN_SUSPICIOUS_MOVE = YES;
				CLANG_WARN_UNREACHABLE_CODE = YES;
				CLANG_WARN__DUPLICATE_METHOD_MATCH = YES;
				COPY_PHASE_STRIP = NO;
				DEBUG_INFORMATION_FORMAT = "dwarf-with-dsym";
				ENABLE_NS_ASSERTIONS = NO;
				ENABLE_STRICT_OBJC_MSGSEND = YES;
				GCC_C_LANGUAGE_STANDARD = gnu99;
				GCC_NO_COMMON_BLOCKS = YES;
				GCC_WARN_64_TO_32_BIT_CONVERSION = YES;
				GCC_WARN_ABOUT_RETURN_TYPE = YES_ERROR;
				GCC_WARN_UNDECLARED_SELECTOR = YES;
				GCC_WARN_UNINITIALIZED_AUTOS = YES_AGGRESSIVE;
				GCC_WARN_UNUSED_FUNCTION = YES;
				GCC_WARN_UNUSED_VARIABLE = YES;
				MTL_ENABLE_DEBUG_INFO = NO;
			};
			name = Release;
		};
		BFD3063C1FBDE78700F650B6 /* Debug */ = {
			isa = XCBuildConfiguration;
			buildSettings = {
				DEBUGGING_SYMBOLS = YES;
				DEBUG_INFORMATION_FORMAT = dwarf;
				GCC_GENERATE_DEBUGGING_SYMBOLS = YES;
				GCC_OPTIMIZATION_LEVEL = 0;
				OTHER_CFLAGS = "";
				OTHER_LDFLAGS = "";
				PRODUCT_NAME = "$(TARGET_NAME)";
			};
			name = Debug;
		};
		BFD3063D1FBDE78700F650B6 /* Release */ = {
			isa = XCBuildConfiguration;
			buildSettings = {
				DEBUG_INFORMATION_FORMAT = "dwarf-with-dsym";
				OTHER_CFLAGS = "";
				OTHER_LDFLAGS = "";
				PRODUCT_NAME = "$(TARGET_NAME)";
			};
			name = Release;
		};
/* End XCBuildConfiguration section */

/* Begin XCConfigurationList section */
		BFD306371FBDE78700F650B6 /* Build configuration list for PBXProject "PopPi" */ = {
			isa = XCConfigurationList;
			buildConfigurations = (
				BFD306391FBDE78700F650B6 /* Debug */,
				BFD3063A1FBDE78700F650B6 /* Release */,
			);
			defaultConfigurationIsVisible = 0;
			defaultConfigurationName = Release;
		};
		BFD3063B1FBDE78700F650B6 /* Build configuration list for PBXLegacyTarget "PopPi" */ = {
			isa = XCConfigurationList;
			buildConfigurations = (
				BFD3063C1FBDE78700F650B6 /* Debug */,
				BFD3063D1FBDE78700F650B6 /* Release */,
			);
			defaultConfigurationIsVisible = 0;
			defaultConfigurationName = Release;
		};
/* End XCConfigurationList section */
	};
	rootObject = BFD306341FBDE78700F650B6 /* Project object */;
}
