// !$*UTF8*$!
{
	archiveVersion = 1;
	classes = {
	};
	objectVersion = 46;
	objects = {

/* Begin PBXBuildFile section */
		BFEA8F06215A635B00FA99CF /* KernelOsx.cpp in Sources */ = {isa = PBXBuildFile; fileRef = BFEA8F05215A635B00FA99CF /* KernelOsx.cpp */; };
		BFEA8F09215A643400FA99CF /* video01.cpp in Sources */ = {isa = PBXBuildFile; fileRef = BF7026D61FBDE7D600354F35 /* video01.cpp */; };
		BFEA8F0B215A644600FA99CF /* Debug.cpp in Sources */ = {isa = PBXBuildFile; fileRef = BFEA8EF721596B1E00FA99CF /* Debug.cpp */; };
		BFEA8F0C215A644600FA99CF /* Sprites.cpp in Sources */ = {isa = PBXBuildFile; fileRef = BF030B6F1FC35E43001BBB03 /* Sprites.cpp */; };
		BFEA8F0D215A644600FA99CF /* Blitter.cpp in Sources */ = {isa = PBXBuildFile; fileRef = BF5EC01B1FC7012B002ABF16 /* Blitter.cpp */; };
		BFEA8F0E215A644600FA99CF /* Types.cpp in Sources */ = {isa = PBXBuildFile; fileRef = BFEA8EE72158F6F900FA99CF /* Types.cpp */; };
		BFEA8F10215A644600FA99CF /* Heap.cpp in Sources */ = {isa = PBXBuildFile; fileRef = BFEA8EF5215968B400FA99CF /* Heap.cpp */; };
		BFEA8F12215A644600FA99CF /* Js_Duktape.cpp in Sources */ = {isa = PBXBuildFile; fileRef = BFEA8EED215928E000FA99CF /* Js_Duktape.cpp */; };
		BFEA8F14215A647B00FA99CF /* Kernel.cpp in Sources */ = {isa = PBXBuildFile; fileRef = BFEA8F13215A647B00FA99CF /* Kernel.cpp */; };
		BFEA8F15215A65B000FA99CF /* duktape.c in Sources */ = {isa = PBXBuildFile; fileRef = BFEA8EE32158EE6000FA99CF /* duktape.c */; };
/* End PBXBuildFile section */

/* Begin PBXCopyFilesBuildPhase section */
		BFEA8EFB215A631E00FA99CF /* CopyFiles */ = {
			isa = PBXCopyFilesBuildPhase;
			buildActionMask = 2147483647;
			dstPath = /usr/share/man/man1/;
			dstSubfolderSpec = 0;
			files = (
			);
			runOnlyForDeploymentPostprocessing = 1;
		};
/* End PBXCopyFilesBuildPhase section */

/* Begin PBXFileReference section */
		BF030B6F1FC35E43001BBB03 /* Sprites.cpp */ = {isa = PBXFileReference; lastKnownFileType = sourcecode.cpp.cpp; name = Sprites.cpp; path = Source/Sprites.cpp; sourceTree = "<group>"; };
		BF030B701FC35E6E001BBB03 /* Sprites.h */ = {isa = PBXFileReference; lastKnownFileType = sourcecode.c.h; name = Sprites.h; path = Source/Sprites.h; sourceTree = "<group>"; };
		BF030B711FC35EAB001BBB03 /* Kernel.h */ = {isa = PBXFileReference; lastKnownFileType = sourcecode.c.h; name = Kernel.h; path = Source/Kernel.h; sourceTree = "<group>"; };
		BF030B721FC36DA5001BBB03 /* SpriteCharAtlas.inc */ = {isa = PBXFileReference; lastKnownFileType = sourcecode.pascal; name = SpriteCharAtlas.inc; path = Source/SpriteCharAtlas.inc; sourceTree = "<group>"; };
		BF5EC01B1FC7012B002ABF16 /* Blitter.cpp */ = {isa = PBXFileReference; lastKnownFileType = sourcecode.cpp.cpp; name = Blitter.cpp; path = Source/Blitter.cpp; sourceTree = "<group>"; };
		BF5EC01C1FC70137002ABF16 /* Blitter.h */ = {isa = PBXFileReference; lastKnownFileType = sourcecode.c.h; name = Blitter.h; path = Source/Blitter.h; sourceTree = "<group>"; };
		BF5EC01D1FC705DA002ABF16 /* Types.h */ = {isa = PBXFileReference; lastKnownFileType = sourcecode.c.h; name = Types.h; path = Source/Types.h; sourceTree = "<group>"; };
		BF5EC01E1FC70CD1002ABF16 /* Display.cpp */ = {isa = PBXFileReference; lastKnownFileType = sourcecode.cpp.cpp; name = Display.cpp; path = Source/Display.cpp; sourceTree = "<group>"; };
		BF5EC01F1FC70CD1002ABF16 /* Display.h */ = {isa = PBXFileReference; lastKnownFileType = sourcecode.c.h; name = Display.h; path = Source/Display.h; sourceTree = "<group>"; };
		BF5EC0201FC70EE8002ABF16 /* Mailbox.cpp */ = {isa = PBXFileReference; lastKnownFileType = sourcecode.cpp.cpp; name = Mailbox.cpp; path = Source/Mailbox.cpp; sourceTree = "<group>"; };
		BF5EC0211FC70EF3002ABF16 /* Mailbox.h */ = {isa = PBXFileReference; lastKnownFileType = sourcecode.c.h; name = Mailbox.h; path = Source/Mailbox.h; sourceTree = "<group>"; };
		BF5EC0231FC85750002ABF16 /* Memory.cpp */ = {isa = PBXFileReference; lastKnownFileType = sourcecode.cpp.cpp; name = Memory.cpp; path = Source/Memory.cpp; sourceTree = "<group>"; };
		BF5EC0241FC85750002ABF16 /* Memory.h */ = {isa = PBXFileReference; lastKnownFileType = sourcecode.c.h; name = Memory.h; path = Source/Memory.h; sourceTree = "<group>"; };
		BF5EC0251FC9F463002ABF16 /* Red.frag */ = {isa = PBXFileReference; lastKnownFileType = sourcecode.glsl; name = Red.frag; path = Source/Red.frag; sourceTree = "<group>"; };
		BF7026D41FBDE7D600354F35 /* periph.c */ = {isa = PBXFileReference; fileEncoding = 4; lastKnownFileType = sourcecode.c.c; name = periph.c; path = Source/periph.c; sourceTree = "<group>"; };
		BF7026D51FBDE7D600354F35 /* vectors.s */ = {isa = PBXFileReference; fileEncoding = 4; lastKnownFileType = sourcecode.asm; name = vectors.s; path = Source/vectors.s; sourceTree = "<group>"; };
		BF7026D61FBDE7D600354F35 /* video01.cpp */ = {isa = PBXFileReference; fileEncoding = 4; lastKnownFileType = sourcecode.cpp.cpp; name = video01.cpp; path = Source/video01.cpp; sourceTree = "<group>"; };
		BF7026D71FBDE7DE00354F35 /* makefile */ = {isa = PBXFileReference; lastKnownFileType = sourcecode.make; name = makefile; path = Source/makefile; sourceTree = "<group>"; };
		BF7026DB1FBDEAC600354F35 /* HackDriver */ = {isa = PBXFileReference; lastKnownFileType = folder; name = HackDriver; path = Source/HackDriver; sourceTree = "<group>"; };
		BF7026DC1FBDEC0C00354F35 /* loader */ = {isa = PBXFileReference; lastKnownFileType = text; name = loader; path = Source/loader; sourceTree = "<group>"; };
		BF7026DD1FC1016400354F35 /* kernel.asm */ = {isa = PBXFileReference; lastKnownFileType = sourcecode.asm.asm; name = kernel.asm; path = asm/kernel.asm; sourceTree = "<group>"; };
		BF7026DE1FC101E900354F35 /* CONTROL_LIST.INC */ = {isa = PBXFileReference; lastKnownFileType = sourcecode.pascal; name = CONTROL_LIST.INC; path = asm/LIB/CONTROL_LIST.INC; sourceTree = "<group>"; };
		BF7026DF1FC101E900354F35 /* FASMARM.INC */ = {isa = PBXFileReference; lastKnownFileType = sourcecode.pascal; name = FASMARM.INC; path = asm/LIB/FASMARM.INC; sourceTree = "<group>"; };
		BF7026E01FC101E900354F35 /* R_PI.INC */ = {isa = PBXFileReference; lastKnownFileType = sourcecode.pascal; name = R_PI.INC; path = asm/LIB/R_PI.INC; sourceTree = "<group>"; };
		BF7026E11FC101E900354F35 /* R_PI2.INC */ = {isa = PBXFileReference; lastKnownFileType = sourcecode.pascal; name = R_PI2.INC; path = asm/LIB/R_PI2.INC; sourceTree = "<group>"; };
		BF7026E21FC101E900354F35 /* V3D.INC */ = {isa = PBXFileReference; lastKnownFileType = sourcecode.pascal; name = V3D.INC; path = asm/LIB/V3D.INC; sourceTree = "<group>"; };
		BF71CDEB1FCDEBCA0084D367 /* Frag_Colours.qpuasm */ = {isa = PBXFileReference; lastKnownFileType = text; name = Frag_Colours.qpuasm; path = Source/Frag_Colours.qpuasm; sourceTree = "<group>"; };
		BF71CDEC1FCDEC3B0084D367 /* Frag_Colours.qpuasm.h */ = {isa = PBXFileReference; lastKnownFileType = sourcecode.c.h; name = Frag_Colours.qpuasm.h; path = Source/Frag_Colours.qpuasm.h; sourceTree = "<group>"; };
		BF71CDEE1FCDF7DD0084D367 /* qpuasm.js */ = {isa = PBXFileReference; lastKnownFileType = sourcecode.javascript; name = qpuasm.js; path = "Source/Videocoreiv-qpu/qpu-tutorial/qpuasm.js"; sourceTree = "<group>"; };
		BF71CDEF1FCDFE9B0084D367 /* Frag_Uv.qpuasm */ = {isa = PBXFileReference; lastKnownFileType = text; name = Frag_Uv.qpuasm; path = Source/Frag_Uv.qpuasm; sourceTree = "<group>"; };
		BF71CDF01FCDFED40084D367 /* Frag_Uv.qpuasm.h */ = {isa = PBXFileReference; lastKnownFileType = sourcecode.c.h; name = Frag_Uv.qpuasm.h; path = Source/Frag_Uv.qpuasm.h; sourceTree = "<group>"; };
		BF71CDF11FCE23F00084D367 /* Frag_Rgb.qpuasm */ = {isa = PBXFileReference; lastKnownFileType = text; name = Frag_Rgb.qpuasm; path = Source/Frag_Rgb.qpuasm; sourceTree = "<group>"; };
		BF71CDF21FCE26800084D367 /* Frag_UvTick.qpuasm */ = {isa = PBXFileReference; lastKnownFileType = text; name = Frag_UvTick.qpuasm; path = Source/Frag_UvTick.qpuasm; sourceTree = "<group>"; };
		BF71CDF31FCE26D20084D367 /* Frag_UvTick.qpuasm.h */ = {isa = PBXFileReference; lastKnownFileType = sourcecode.c.h; name = Frag_UvTick.qpuasm.h; path = Source/Frag_UvTick.qpuasm.h; sourceTree = "<group>"; };
		BF71CDF41FCE26DE0084D367 /* Frag_Rgb.qpuasm.h */ = {isa = PBXFileReference; lastKnownFileType = sourcecode.c.h; name = Frag_Rgb.qpuasm.h; path = Source/Frag_Rgb.qpuasm.h; sourceTree = "<group>"; };
		BFEA8EE02158EE2200FA99CF /* duktape-2.3.0 */ = {isa = PBXFileReference; lastKnownFileType = folder; name = "duktape-2.3.0"; path = "Source/duktape-2.3.0"; sourceTree = SOURCE_ROOT; };
		BFEA8EE22158EE6000FA99CF /* duk_config.h */ = {isa = PBXFileReference; lastKnownFileType = sourcecode.c.h; name = duk_config.h; path = "Source/duktape-2.3.0/src/duk_config.h"; sourceTree = "<group>"; };
		BFEA8EE32158EE6000FA99CF /* duktape.c */ = {isa = PBXFileReference; lastKnownFileType = sourcecode.c.c; name = duktape.c; path = "Source/duktape-2.3.0/src/duktape.c"; sourceTree = "<group>"; };
		BFEA8EE42158EE6000FA99CF /* duktape.h */ = {isa = PBXFileReference; lastKnownFileType = sourcecode.c.h; name = duktape.h; path = "Source/duktape-2.3.0/src/duktape.h"; sourceTree = "<group>"; };
		BFEA8EE72158F6F900FA99CF /* Types.cpp */ = {isa = PBXFileReference; fileEncoding = 4; lastKnownFileType = sourcecode.cpp.cpp; name = Types.cpp; path = Source/Types.cpp; sourceTree = "<group>"; };
		BFEA8EED215928E000FA99CF /* Js_Duktape.cpp */ = {isa = PBXFileReference; lastKnownFileType = sourcecode.cpp.cpp; name = Js_Duktape.cpp; path = Source/Js_Duktape.cpp; sourceTree = "<group>"; };
		BFEA8EEE215928E000FA99CF /* Js_Duktape.h */ = {isa = PBXFileReference; lastKnownFileType = sourcecode.c.h; name = Js_Duktape.h; path = Source/Js_Duktape.h; sourceTree = "<group>"; };
		BFEA8EF22159604F00FA99CF /* PiGpu.h */ = {isa = PBXFileReference; lastKnownFileType = sourcecode.c.h; name = PiGpu.h; path = Source/PiGpu.h; sourceTree = "<group>"; };
		BFEA8EF32159604F00FA99CF /* PiGpu.cpp */ = {isa = PBXFileReference; lastKnownFileType = sourcecode.cpp.cpp; name = PiGpu.cpp; path = Source/PiGpu.cpp; sourceTree = "<group>"; };
		BFEA8EF4215968B400FA99CF /* Heap.h */ = {isa = PBXFileReference; lastKnownFileType = sourcecode.c.h; name = Heap.h; path = Source/Heap.h; sourceTree = "<group>"; };
		BFEA8EF5215968B400FA99CF /* Heap.cpp */ = {isa = PBXFileReference; lastKnownFileType = sourcecode.cpp.cpp; name = Heap.cpp; path = Source/Heap.cpp; sourceTree = "<group>"; };
		BFEA8EF621596AD900FA99CF /* Debug.h */ = {isa = PBXFileReference; lastKnownFileType = sourcecode.c.h; name = Debug.h; path = Source/Debug.h; sourceTree = "<group>"; };
		BFEA8EF721596B1E00FA99CF /* Debug.cpp */ = {isa = PBXFileReference; lastKnownFileType = sourcecode.cpp.cpp; name = Debug.cpp; path = Source/Debug.cpp; sourceTree = "<group>"; };
		BFEA8EF8215970AC00FA99CF /* KernelPi.cpp */ = {isa = PBXFileReference; lastKnownFileType = sourcecode.cpp.cpp; name = KernelPi.cpp; path = Source/KernelPi.cpp; sourceTree = "<group>"; };
		BFEA8EFD215A631E00FA99CF /* KernelOsx */ = {isa = PBXFileReference; explicitFileType = "compiled.mach-o.executable"; includeInIndex = 0; path = KernelOsx; sourceTree = BUILT_PRODUCTS_DIR; };
		BFEA8F05215A635B00FA99CF /* KernelOsx.cpp */ = {isa = PBXFileReference; fileEncoding = 4; lastKnownFileType = sourcecode.cpp.cpp; name = KernelOsx.cpp; path = Source/KernelOsx.cpp; sourceTree = "<group>"; };
		BFEA8F08215A641100FA99CF /* KernelOsx.xcconfig */ = {isa = PBXFileReference; lastKnownFileType = text.xcconfig; name = KernelOsx.xcconfig; path = ../PopEngine/src/KernelOsx.xcconfig; sourceTree = "<group>"; };
		BFEA8F13215A647B00FA99CF /* Kernel.cpp */ = {isa = PBXFileReference; fileEncoding = 4; lastKnownFileType = sourcecode.cpp.cpp; name = Kernel.cpp; path = Source/Kernel.cpp; sourceTree = "<group>"; };
/* End PBXFileReference section */

/* Begin PBXFrameworksBuildPhase section */
		BFEA8EFA215A631E00FA99CF /* Frameworks */ = {
			isa = PBXFrameworksBuildPhase;
			buildActionMask = 2147483647;
			files = (
			);
			runOnlyForDeploymentPostprocessing = 0;
		};
/* End PBXFrameworksBuildPhase section */

/* Begin PBXGroup section */
		BF7026D81FBDE7E000354F35 /* Source */ = {
			isa = PBXGroup;
			children = (
				BF5EC01B1FC7012B002ABF16 /* Blitter.cpp */,
				BF5EC01C1FC70137002ABF16 /* Blitter.h */,
				BFEA8EF721596B1E00FA99CF /* Debug.cpp */,
				BFEA8EF621596AD900FA99CF /* Debug.h */,
				BF5EC01E1FC70CD1002ABF16 /* Display.cpp */,
				BF5EC01F1FC70CD1002ABF16 /* Display.h */,
				BFEA8EE12158EE4C00FA99CF /* Duktape */,
				BF71CDEB1FCDEBCA0084D367 /* Frag_Colours.qpuasm */,
				BF71CDEC1FCDEC3B0084D367 /* Frag_Colours.qpuasm.h */,
				BF71CDF11FCE23F00084D367 /* Frag_Rgb.qpuasm */,
				BF71CDF41FCE26DE0084D367 /* Frag_Rgb.qpuasm.h */,
				BF71CDEF1FCDFE9B0084D367 /* Frag_Uv.qpuasm */,
				BF71CDF01FCDFED40084D367 /* Frag_Uv.qpuasm.h */,
				BF71CDF21FCE26800084D367 /* Frag_UvTick.qpuasm */,
				BF71CDF31FCE26D20084D367 /* Frag_UvTick.qpuasm.h */,
				BFEA8EF5215968B400FA99CF /* Heap.cpp */,
				BFEA8EF4215968B400FA99CF /* Heap.h */,
				BFEA8EED215928E000FA99CF /* Js_Duktape.cpp */,
				BFEA8EEE215928E000FA99CF /* Js_Duktape.h */,
				BF030B711FC35EAB001BBB03 /* Kernel.h */,
				BFEA8F05215A635B00FA99CF /* KernelOsx.cpp */,
				BFEA8F08215A641100FA99CF /* KernelOsx.xcconfig */,
				BFEA8F13215A647B00FA99CF /* Kernel.cpp */,
				BFEA8EF8215970AC00FA99CF /* KernelPi.cpp */,
				BF7026DC1FBDEC0C00354F35 /* loader */,
				BF5EC0201FC70EE8002ABF16 /* Mailbox.cpp */,
				BF5EC0211FC70EF3002ABF16 /* Mailbox.h */,
				BF7026D71FBDE7DE00354F35 /* makefile */,
				BF5EC0231FC85750002ABF16 /* Memory.cpp */,
				BF5EC0241FC85750002ABF16 /* Memory.h */,
				BF7026D41FBDE7D600354F35 /* periph.c */,
				BFEA8EF32159604F00FA99CF /* PiGpu.cpp */,
				BFEA8EF22159604F00FA99CF /* PiGpu.h */,
				BF5EC0251FC9F463002ABF16 /* Red.frag */,
				BF030B721FC36DA5001BBB03 /* SpriteCharAtlas.inc */,
				BF030B6F1FC35E43001BBB03 /* Sprites.cpp */,
				BF030B701FC35E6E001BBB03 /* Sprites.h */,
				BFEA8EE72158F6F900FA99CF /* Types.cpp */,
				BF5EC01D1FC705DA002ABF16 /* Types.h */,
				BF7026D51FBDE7D600354F35 /* vectors.s */,
				BF7026D61FBDE7D600354F35 /* video01.cpp */,
			);
			name = Source;
			sourceTree = "<group>";
		};
		BF71CDED1FCDF7D20084D367 /* QpuAssembler */ = {
			isa = PBXGroup;
			children = (
				BF71CDEE1FCDF7DD0084D367 /* qpuasm.js */,
			);
			name = QpuAssembler;
			sourceTree = "<group>";
		};
		BFD306331FBDE78700F650B6 = {
			isa = PBXGroup;
			children = (
				BFEA8EE02158EE2200FA99CF /* duktape-2.3.0 */,
				BF71CDED1FCDF7D20084D367 /* QpuAssembler */,
				BF7026DD1FC1016400354F35 /* kernel.asm */,
				BF7026DE1FC101E900354F35 /* CONTROL_LIST.INC */,
				BF7026DF1FC101E900354F35 /* FASMARM.INC */,
				BF7026E01FC101E900354F35 /* R_PI.INC */,
				BF7026E11FC101E900354F35 /* R_PI2.INC */,
				BF7026E21FC101E900354F35 /* V3D.INC */,
				BF7026DB1FBDEAC600354F35 /* HackDriver */,
				BF7026D81FBDE7E000354F35 /* Source */,
				BFEA8EFE215A631E00FA99CF /* Products */,
			);
			sourceTree = "<group>";
		};
		BFEA8EE12158EE4C00FA99CF /* Duktape */ = {
			isa = PBXGroup;
			children = (
				BFEA8EE22158EE6000FA99CF /* duk_config.h */,
				BFEA8EE32158EE6000FA99CF /* duktape.c */,
				BFEA8EE42158EE6000FA99CF /* duktape.h */,
			);
			name = Duktape;
			sourceTree = "<group>";
		};
		BFEA8EFE215A631E00FA99CF /* Products */ = {
			isa = PBXGroup;
			children = (
				BFEA8EFD215A631E00FA99CF /* KernelOsx */,
			);
			name = Products;
			sourceTree = "<group>";
		};
/* End PBXGroup section */

/* Begin PBXLegacyTarget section */
		BFD306381FBDE78700F650B6 /* PopPi */ = {
			isa = PBXLegacyTarget;
			buildArgumentsString = "$(ACTION) rebuildandupload";
			buildConfigurationList = BFD3063B1FBDE78700F650B6 /* Build configuration list for PBXLegacyTarget "PopPi" */;
			buildPhases = (
			);
			buildToolPath = make;
			buildWorkingDirectory = /Volumes/Code/PopPi/Source;
			dependencies = (
			);
			name = PopPi;
			passBuildSettingsInEnvironment = 0;
			productName = PopPi;
		};
/* End PBXLegacyTarget section */

/* Begin PBXNativeTarget section */
		BFEA8EFC215A631E00FA99CF /* KernelOsx */ = {
			isa = PBXNativeTarget;
			buildConfigurationList = BFEA8F02215A631E00FA99CF /* Build configuration list for PBXNativeTarget "KernelOsx" */;
			buildPhases = (
				BFEA8EF9215A631E00FA99CF /* Sources */,
				BFEA8EFA215A631E00FA99CF /* Frameworks */,
				BFEA8EFB215A631E00FA99CF /* CopyFiles */,
			);
			buildRules = (
			);
			dependencies = (
			);
			name = KernelOsx;
			productName = KernelOsx;
			productReference = BFEA8EFD215A631E00FA99CF /* KernelOsx */;
			productType = "com.apple.product-type.tool";
		};
/* End PBXNativeTarget section */

/* Begin PBXProject section */
		BFD306341FBDE78700F650B6 /* Project object */ = {
			isa = PBXProject;
			attributes = {
				LastUpgradeCheck = 0830;
				ORGANIZATIONNAME = NewChromantics;
				TargetAttributes = {
					BFD306381FBDE78700F650B6 = {
						CreatedOnToolsVersion = 8.3.3;
						ProvisioningStyle = Automatic;
					};
					BFEA8EFC215A631E00FA99CF = {
						CreatedOnToolsVersion = 9.3;
						ProvisioningStyle = Automatic;
					};
				};
			};
			buildConfigurationList = BFD306371FBDE78700F650B6 /* Build configuration list for PBXProject "PopPi" */;
			compatibilityVersion = "Xcode 3.2";
			developmentRegion = English;
			hasScannedForEncodings = 0;
			knownRegions = (
				en,
			);
			mainGroup = BFD306331FBDE78700F650B6;
			productRefGroup = BFEA8EFE215A631E00FA99CF /* Products */;
			projectDirPath = "";
			projectRoot = "";
			targets = (
				BFD306381FBDE78700F650B6 /* PopPi */,
				BFEA8EFC215A631E00FA99CF /* KernelOsx */,
			);
		};
/* End PBXProject section */

/* Begin PBXSourcesBuildPhase section */
		BFEA8EF9215A631E00FA99CF /* Sources */ = {
			isa = PBXSourcesBuildPhase;
			buildActionMask = 2147483647;
			files = (
				BFEA8F10215A644600FA99CF /* Heap.cpp in Sources */,
				BFEA8F0C215A644600FA99CF /* Sprites.cpp in Sources */,
				BFEA8F09215A643400FA99CF /* video01.cpp in Sources */,
				BFEA8F12215A644600FA99CF /* Js_Duktape.cpp in Sources */,
				BFEA8F14215A647B00FA99CF /* Kernel.cpp in Sources */,
				BFEA8F15215A65B000FA99CF /* duktape.c in Sources */,
				BFEA8F0D215A644600FA99CF /* Blitter.cpp in Sources */,
				BFEA8F0B215A644600FA99CF /* Debug.cpp in Sources */,
				BFEA8F0E215A644600FA99CF /* Types.cpp in Sources */,
				BFEA8F06215A635B00FA99CF /* KernelOsx.cpp in Sources */,
			);
			runOnlyForDeploymentPostprocessing = 0;
		};
/* End PBXSourcesBuildPhase section */

/* Begin XCBuildConfiguration section */
		BFD306391FBDE78700F650B6 /* Debug */ = {
			isa = XCBuildConfiguration;
			buildSettings = {
				ALWAYS_SEARCH_USER_PATHS = NO;
				CLANG_ANALYZER_NONNULL = YES;
				CLANG_ANALYZER_NUMBER_OBJECT_CONVERSION = YES_AGGRESSIVE;
				CLANG_CXX_LANGUAGE_STANDARD = "gnu++0x";
				CLANG_CXX_LIBRARY = "libc++";
				CLANG_ENABLE_MODULES = YES;
				CLANG_ENABLE_OBJC_ARC = YES;
				CLANG_WARN_BOOL_CONVERSION = YES;
				CLANG_WARN_CONSTANT_CONVERSION = YES;
				CLANG_WARN_DIRECT_OBJC_ISA_USAGE = YES_ERROR;
				CLANG_WARN_DOCUMENTATION_COMMENTS = YES;
				CLANG_WARN_EMPTY_BODY = YES;
				CLANG_WARN_ENUM_CONVERSION = YES;
				CLANG_WARN_INFINITE_RECURSION = YES;
				CLANG_WARN_INT_CONVERSION = YES;
				CLANG_WARN_OBJC_ROOT_CLASS = YES_ERROR;
				CLANG_WARN_SUSPICIOUS_MOVE = YES;
				CLANG_WARN_UNREACHABLE_CODE = YES;
				CLANG_WARN__DUPLICATE_METHOD_MATCH = YES;
				COPY_PHASE_STRIP = NO;
				DEBUG_INFORMATION_FORMAT = dwarf;
				ENABLE_STRICT_OBJC_MSGSEND = YES;
				ENABLE_TESTABILITY = YES;
				GCC_C_LANGUAGE_STANDARD = gnu99;
				GCC_DYNAMIC_NO_PIC = NO;
				GCC_NO_COMMON_BLOCKS = YES;
				GCC_OPTIMIZATION_LEVEL = 0;
				GCC_PREPROCESSOR_DEFINITIONS = (
					"DEBUG=1",
					"$(inherited)",
				);
				GCC_WARN_64_TO_32_BIT_CONVERSION = YES;
				GCC_WARN_ABOUT_RETURN_TYPE = YES_ERROR;
				GCC_WARN_UNDECLARED_SELECTOR = YES;
				GCC_WARN_UNINITIALIZED_AUTOS = YES_AGGRESSIVE;
				GCC_WARN_UNUSED_FUNCTION = YES;
				GCC_WARN_UNUSED_VARIABLE = YES;
				MTL_ENABLE_DEBUG_INFO = YES;
				ONLY_ACTIVE_ARCH = YES;
			};
			name = Debug;
		};
		BFD3063A1FBDE78700F650B6 /* Release */ = {
			isa = XCBuildConfiguration;
			buildSettings = {
				ALWAYS_SEARCH_USER_PATHS = NO;
				CLANG_ANALYZER_NONNULL = YES;
				CLANG_ANALYZER_NUMBER_OBJECT_CONVERSION = YES_AGGRESSIVE;
				CLANG_CXX_LANGUAGE_STANDARD = "gnu++0x";
				CLANG_CXX_LIBRARY = "libc++";
				CLANG_ENABLE_MODULES = YES;
				CLANG_ENABLE_OBJC_ARC = YES;
				CLANG_WARN_BOOL_CONVERSION = YES;
				CLANG_WARN_CONSTANT_CONVERSION = YES;
				CLANG_WARN_DIRECT_OBJC_ISA_USAGE = YES_ERROR;
				CLANG_WARN_DOCUMENTATION_COMMENTS = YES;
				CLANG_WARN_EMPTY_BODY = YES;
				CLANG_WARN_ENUM_CONVERSION = YES;
				CLANG_WARN_INFINITE_RECURSION = YES;
				CLANG_WARN_INT_CONVERSION = YES;
				CLANG_WARN_OBJC_ROOT_CLASS = YES_ERROR;
				CLANG_WARN_SUSPICIOUS_MOVE = YES;
				CLANG_WARN_UNREACHABLE_CODE = YES;
				CLANG_WARN__DUPLICATE_METHOD_MATCH = YES;
				COPY_PHASE_STRIP = NO;
				DEBUG_INFORMATION_FORMAT = "dwarf-with-dsym";
				ENABLE_NS_ASSERTIONS = NO;
				ENABLE_STRICT_OBJC_MSGSEND = YES;
				GCC_C_LANGUAGE_STANDARD = gnu99;
				GCC_NO_COMMON_BLOCKS = YES;
				GCC_WARN_64_TO_32_BIT_CONVERSION = YES;
				GCC_WARN_ABOUT_RETURN_TYPE = YES_ERROR;
				GCC_WARN_UNDECLARED_SELECTOR = YES;
				GCC_WARN_UNINITIALIZED_AUTOS = YES_AGGRESSIVE;
				GCC_WARN_UNUSED_FUNCTION = YES;
				GCC_WARN_UNUSED_VARIABLE = YES;
				MTL_ENABLE_DEBUG_INFO = NO;
			};
			name = Release;
		};
		BFD3063C1FBDE78700F650B6 /* Debug */ = {
			isa = XCBuildConfiguration;
			buildSettings = {
				DEBUGGING_SYMBOLS = YES;
				DEBUG_INFORMATION_FORMAT = dwarf;
				GCC_GENERATE_DEBUGGING_SYMBOLS = YES;
				GCC_OPTIMIZATION_LEVEL = 0;
				OTHER_CFLAGS = "";
				OTHER_LDFLAGS = "";
				PRODUCT_NAME = "$(TARGET_NAME)";
			};
			name = Debug;
		};
		BFD3063D1FBDE78700F650B6 /* Release */ = {
			isa = XCBuildConfiguration;
			buildSettings = {
				DEBUG_INFORMATION_FORMAT = "dwarf-with-dsym";
				OTHER_CFLAGS = "";
				OTHER_LDFLAGS = "";
				PRODUCT_NAME = "$(TARGET_NAME)";
			};
			name = Release;
		};
		BFEA8F03215A631E00FA99CF /* Debug */ = {
			isa = XCBuildConfiguration;
			baseConfigurationReference = BFEA8F08215A641100FA99CF /* KernelOsx.xcconfig */;
			buildSettings = {
				CLANG_CXX_LANGUAGE_STANDARD = "gnu++14";
				CLANG_ENABLE_OBJC_WEAK = YES;
				CLANG_WARN_BLOCK_CAPTURE_AUTORELEASING = YES;
				CLANG_WARN_COMMA = YES;
				CLANG_WARN_DEPRECATED_OBJC_IMPLEMENTATIONS = YES;
				CLANG_WARN_NON_LITERAL_NULL_CONVERSION = YES;
				CLANG_WARN_OBJC_IMPLICIT_RETAIN_SELF = YES;
				CLANG_WARN_OBJC_LITERAL_CONVERSION = YES;
				CLANG_WARN_RANGE_LOOP_ANALYSIS = YES;
				CLANG_WARN_STRICT_PROTOTYPES = YES;
				CLANG_WARN_UNGUARDED_AVAILABILITY = YES_AGGRESSIVE;
				CODE_SIGN_IDENTITY = "-";
				CODE_SIGN_STYLE = Automatic;
				GCC_C_LANGUAGE_STANDARD = gnu11;
				MACOSX_DEPLOYMENT_TARGET = 10.13;
				PRODUCT_NAME = "$(TARGET_NAME)";
				SDKROOT = macosx;
			};
			name = Debug;
		};
		BFEA8F04215A631E00FA99CF /* Release */ = {
			isa = XCBuildConfiguration;
			baseConfigurationReference = BFEA8F08215A641100FA99CF /* KernelOsx.xcconfig */;
			buildSettings = {
				CLANG_CXX_LANGUAGE_STANDARD = "gnu++14";
				CLANG_ENABLE_OBJC_WEAK = YES;
				CLANG_WARN_BLOCK_CAPTURE_AUTORELEASING = YES;
				CLANG_WARN_COMMA = YES;
				CLANG_WARN_DEPRECATED_OBJC_IMPLEMENTATIONS = YES;
				CLANG_WARN_NON_LITERAL_NULL_CONVERSION = YES;
				CLANG_WARN_OBJC_IMPLICIT_RETAIN_SELF = YES;
				CLANG_WARN_OBJC_LITERAL_CONVERSION = YES;
				CLANG_WARN_RANGE_LOOP_ANALYSIS = YES;
				CLANG_WARN_STRICT_PROTOTYPES = YES;
				CLANG_WARN_UNGUARDED_AVAILABILITY = YES_AGGRESSIVE;
				CODE_SIGN_IDENTITY = "-";
				CODE_SIGN_STYLE = Automatic;
				GCC_C_LANGUAGE_STANDARD = gnu11;
				MACOSX_DEPLOYMENT_TARGET = 10.13;
				PRODUCT_NAME = "$(TARGET_NAME)";
				SDKROOT = macosx;
			};
			name = Release;
		};
/* End XCBuildConfiguration section */

/* Begin XCConfigurationList section */
		BFD306371FBDE78700F650B6 /* Build configuration list for PBXProject "PopPi" */ = {
			isa = XCConfigurationList;
			buildConfigurations = (
				BFD306391FBDE78700F650B6 /* Debug */,
				BFD3063A1FBDE78700F650B6 /* Release */,
			);
			defaultConfigurationIsVisible = 0;
			defaultConfigurationName = Release;
		};
		BFD3063B1FBDE78700F650B6 /* Build configuration list for PBXLegacyTarget "PopPi" */ = {
			isa = XCConfigurationList;
			buildConfigurations = (
				BFD3063C1FBDE78700F650B6 /* Debug */,
				BFD3063D1FBDE78700F650B6 /* Release */,
			);
			defaultConfigurationIsVisible = 0;
			defaultConfigurationName = Release;
		};
		BFEA8F02215A631E00FA99CF /* Build configuration list for PBXNativeTarget "KernelOsx" */ = {
			isa = XCConfigurationList;
			buildConfigurations = (
				BFEA8F03215A631E00FA99CF /* Debug */,
				BFEA8F04215A631E00FA99CF /* Release */,
			);
			defaultConfigurationIsVisible = 0;
			defaultConfigurationName = Release;
		};
/* End XCConfigurationList section */
	};
	rootObject = BFD306341FBDE78700F650B6 /* Project object */;
}
